{
  "version": 4,
  "terraform_version": "1.1.4",
  "serial": 18,
  "lineage": "b772ef6b-93c7-f999-879a-c435cba5527d",
  "outputs": {},
  "resources": [
    {
      "module": "module.api-gateway",
      "mode": "managed",
      "type": "aws_api_gateway_deployment",
      "name": "course_app_get_deployment",
      "provider": "provider[\"registry.terraform.io/hashicorp/aws\"]",
      "instances": [
        {
          "schema_version": 0,
          "attributes": {
            "created_date": "2022-01-28T07:18:24Z",
            "description": "",
            "execution_arn": "arn:aws:execute-api:ap-southeast-1:565092215026:rgravkuobl/",
            "id": "2ujqyp",
            "invoke_url": "https://rgravkuobl.execute-api.ap-southeast-1.amazonaws.com/",
            "rest_api_id": "rgravkuobl",
            "stage_description": null,
            "stage_name": null,
            "triggers": null,
            "variables": null
          },
          "sensitive_attributes": [],
          "private": "bnVsbA==",
          "dependencies": [
            "module.api-gateway.aws_api_gateway_integration.course_get_integration",
            "module.api-gateway.aws_api_gateway_method.get",
            "module.api-gateway.aws_api_gateway_resource.course",
            "module.api-gateway.aws_api_gateway_rest_api.course_app_api_gateway",
            "module.iam.aws_iam_role.iam_for_lambda",
            "module.iam.aws_iam_role_policy_attachment.iam_for_lambda-role-policy-attachment",
            "module.iam.data.aws_iam_policy_document.policy",
            "module.lambda.aws_lambda_function.course_lambda",
            "module.lambda.data.archive_file.lambda_source_zip"
          ]
        }
      ]
    },
    {
      "module": "module.api-gateway",
      "mode": "managed",
      "type": "aws_api_gateway_integration",
      "name": "course_get_integration",
      "provider": "provider[\"registry.terraform.io/hashicorp/aws\"]",
      "instances": [
        {
          "schema_version": 0,
          "attributes": {
            "cache_key_parameters": [],
            "cache_namespace": "kfkl5b",
            "connection_id": "",
            "connection_type": "INTERNET",
            "content_handling": "",
            "credentials": "",
            "http_method": "GET",
            "id": "agi-rgravkuobl-kfkl5b-GET",
            "integration_http_method": "POST",
            "passthrough_behavior": "WHEN_NO_MATCH",
            "request_parameters": {},
            "request_templates": {},
            "resource_id": "kfkl5b",
            "rest_api_id": "rgravkuobl",
            "timeout_milliseconds": 29000,
            "tls_config": [],
            "type": "AWS_PROXY",
            "uri": "arn:aws:apigateway:ap-southeast-1:lambda:path/2015-03-31/functions/arn:aws:lambda:ap-southeast-1:565092215026:function:course-terrafrom-demo/invocations"
          },
          "sensitive_attributes": [],
          "private": "bnVsbA==",
          "dependencies": [
            "module.api-gateway.aws_api_gateway_method.get",
            "module.api-gateway.aws_api_gateway_resource.course",
            "module.api-gateway.aws_api_gateway_rest_api.course_app_api_gateway",
            "module.iam.aws_iam_role.iam_for_lambda",
            "module.iam.aws_iam_role_policy_attachment.iam_for_lambda-role-policy-attachment",
            "module.iam.data.aws_iam_policy_document.policy",
            "module.lambda.aws_lambda_function.course_lambda",
            "module.lambda.data.archive_file.lambda_source_zip"
          ]
        }
      ]
    },
    {
      "module": "module.api-gateway",
      "mode": "managed",
      "type": "aws_api_gateway_method",
      "name": "get",
      "provider": "provider[\"registry.terraform.io/hashicorp/aws\"]",
      "instances": [
        {
          "schema_version": 0,
          "attributes": {
            "api_key_required": false,
            "authorization": "NONE",
            "authorization_scopes": [],
            "authorizer_id": "",
            "http_method": "GET",
            "id": "agm-rgravkuobl-kfkl5b-GET",
            "operation_name": "",
            "request_models": {},
            "request_parameters": {},
            "request_validator_id": "",
            "resource_id": "kfkl5b",
            "rest_api_id": "rgravkuobl"
          },
          "sensitive_attributes": [],
          "private": "bnVsbA==",
          "dependencies": [
            "module.api-gateway.aws_api_gateway_resource.course",
            "module.api-gateway.aws_api_gateway_rest_api.course_app_api_gateway",
            "module.iam.aws_iam_role.iam_for_lambda",
            "module.iam.aws_iam_role_policy_attachment.iam_for_lambda-role-policy-attachment",
            "module.iam.data.aws_iam_policy_document.policy",
            "module.lambda.aws_lambda_function.course_lambda",
            "module.lambda.data.archive_file.lambda_source_zip"
          ]
        }
      ]
    },
    {
      "module": "module.api-gateway",
      "mode": "managed",
      "type": "aws_api_gateway_resource",
      "name": "course",
      "provider": "provider[\"registry.terraform.io/hashicorp/aws\"]",
      "instances": [
        {
          "schema_version": 0,
          "attributes": {
            "id": "kfkl5b",
            "parent_id": "oyliylf8tc",
            "path": "/course",
            "path_part": "course",
            "rest_api_id": "rgravkuobl"
          },
          "sensitive_attributes": [],
          "private": "bnVsbA==",
          "dependencies": [
            "module.api-gateway.aws_api_gateway_rest_api.course_app_api_gateway",
            "module.iam.aws_iam_role.iam_for_lambda",
            "module.iam.aws_iam_role_policy_attachment.iam_for_lambda-role-policy-attachment",
            "module.iam.data.aws_iam_policy_document.policy",
            "module.lambda.aws_lambda_function.course_lambda",
            "module.lambda.data.archive_file.lambda_source_zip"
          ]
        }
      ]
    },
    {
      "module": "module.api-gateway",
      "mode": "managed",
      "type": "aws_api_gateway_rest_api",
      "name": "course_app_api_gateway",
      "provider": "provider[\"registry.terraform.io/hashicorp/aws\"]",
      "instances": [
        {
          "schema_version": 0,
          "attributes": {
            "api_key_source": "HEADER",
            "arn": "arn:aws:apigateway:ap-southeast-1::/restapis/rgravkuobl",
            "binary_media_types": [],
            "body": null,
            "created_date": "2022-01-28T07:18:21Z",
            "description": "",
            "disable_execute_api_endpoint": false,
            "endpoint_configuration": [
              {
                "types": [
                  "REGIONAL"
                ],
                "vpc_endpoint_ids": []
              }
            ],
            "execution_arn": "arn:aws:execute-api:ap-southeast-1:565092215026:rgravkuobl",
            "id": "rgravkuobl",
            "minimum_compression_size": -1,
            "name": "course-app-api-gateway",
            "parameters": null,
            "policy": "",
            "root_resource_id": "oyliylf8tc",
            "tags": {},
            "tags_all": {}
          },
          "sensitive_attributes": [],
          "private": "bnVsbA==",
          "dependencies": [
            "module.iam.aws_iam_role.iam_for_lambda",
            "module.iam.aws_iam_role_policy_attachment.iam_for_lambda-role-policy-attachment",
            "module.iam.data.aws_iam_policy_document.policy",
            "module.lambda.aws_lambda_function.course_lambda",
            "module.lambda.data.archive_file.lambda_source_zip"
          ]
        }
      ]
    },
    {
      "module": "module.api-gateway",
      "mode": "managed",
      "type": "aws_lambda_permission",
      "name": "apigw",
      "provider": "provider[\"registry.terraform.io/hashicorp/aws\"]",
      "instances": [
        {
          "schema_version": 0,
          "attributes": {
            "action": "lambda:InvokeFunction",
            "event_source_token": null,
            "function_name": "course-terrafrom-demo",
            "id": "AllowExecutionFromAPIGateway",
            "principal": "apigateway.amazonaws.com",
            "qualifier": "",
            "source_account": null,
            "source_arn": "arn:aws:execute-api:ap-southeast-1:565092215026:rgravkuobl/*/*",
            "statement_id": "AllowExecutionFromAPIGateway",
            "statement_id_prefix": null
          },
          "sensitive_attributes": [],
          "private": "bnVsbA==",
          "dependencies": [
            "module.api-gateway.aws_api_gateway_rest_api.course_app_api_gateway",
            "module.iam.aws_iam_role.iam_for_lambda",
            "module.iam.aws_iam_role_policy_attachment.iam_for_lambda-role-policy-attachment",
            "module.iam.data.aws_iam_policy_document.policy",
            "module.lambda.aws_lambda_function.course_lambda",
            "module.lambda.data.archive_file.lambda_source_zip"
          ]
        }
      ]
    },
    {
      "module": "module.database",
      "mode": "managed",
      "type": "aws_dynamodb_table",
      "name": "course_app_dynamodb",
      "provider": "provider[\"registry.terraform.io/hashicorp/aws\"]",
      "instances": [
        {
          "schema_version": 1,
          "attributes": {
            "arn": "arn:aws:dynamodb:ap-southeast-1:565092215026:table/course_app",
            "attribute": [
              {
                "name": "id",
                "type": "N"
              }
            ],
            "billing_mode": "PROVISIONED",
            "global_secondary_index": [],
            "hash_key": "id",
            "id": "course_app",
            "local_secondary_index": [],
            "name": "course_app",
            "point_in_time_recovery": [
              {
                "enabled": false
              }
            ],
            "range_key": null,
            "read_capacity": 1,
            "replica": [],
            "restore_date_time": null,
            "restore_source_name": null,
            "restore_to_latest_time": null,
            "server_side_encryption": [],
            "stream_arn": "",
            "stream_enabled": false,
            "stream_label": "",
            "stream_view_type": "",
            "table_class": "",
            "tags": {
              "Environment": "staging",
              "Terraform": "true"
            },
            "tags_all": {
              "Environment": "staging",
              "Terraform": "true"
            },
            "timeouts": null,
            "ttl": [
              {
                "attribute_name": "",
                "enabled": false
              }
            ],
            "write_capacity": 1
          },
          "sensitive_attributes": [],
          "private": "eyJlMmJmYjczMC1lY2FhLTExZTYtOGY4OC0zNDM2M2JjN2M0YzAiOnsiY3JlYXRlIjoxODAwMDAwMDAwMDAwLCJkZWxldGUiOjYwMDAwMDAwMDAwMCwidXBkYXRlIjozNjAwMDAwMDAwMDAwfSwic2NoZW1hX3ZlcnNpb24iOiIxIn0="
        }
      ]
    },
    {
      "module": "module.iam",
      "mode": "data",
      "type": "aws_iam_policy_document",
      "name": "policy",
      "provider": "provider[\"registry.terraform.io/hashicorp/aws\"]",
      "instances": [
        {
          "schema_version": 0,
          "attributes": {
            "id": "3127519745",
            "json": "{\n  \"Version\": \"2012-10-17\",\n  \"Statement\": [\n    {\n      \"Sid\": \"\",\n      \"Effect\": \"Allow\",\n      \"Action\": \"sts:AssumeRole\",\n      \"Principal\": {\n        \"Service\": [\n          \"lambda.amazonaws.com\",\n          \"apigateway.amazonaws.com\"\n        ]\n      }\n    }\n  ]\n}",
            "override_json": null,
            "override_policy_documents": null,
            "policy_id": null,
            "source_json": null,
            "source_policy_documents": null,
            "statement": [
              {
                "actions": [
                  "sts:AssumeRole"
                ],
                "condition": [],
                "effect": "Allow",
                "not_actions": [],
                "not_principals": [],
                "not_resources": [],
                "principals": [
                  {
                    "identifiers": [
                      "apigateway.amazonaws.com",
                      "lambda.amazonaws.com"
                    ],
                    "type": "Service"
                  }
                ],
                "resources": [],
                "sid": ""
              }
            ],
            "version": "2012-10-17"
          },
          "sensitive_attributes": []
        }
      ]
    },
    {
      "module": "module.iam",
      "mode": "managed",
      "type": "aws_iam_role",
      "name": "iam_for_lambda",
      "provider": "provider[\"registry.terraform.io/hashicorp/aws\"]",
      "instances": [
        {
          "schema_version": 0,
          "attributes": {
            "arn": "arn:aws:iam::565092215026:role/iam_for_lambda",
            "assume_role_policy": "{\"Version\":\"2012-10-17\",\"Statement\":[{\"Sid\":\"\",\"Effect\":\"Allow\",\"Principal\":{\"Service\":[\"apigateway.amazonaws.com\",\"lambda.amazonaws.com\"]},\"Action\":\"sts:AssumeRole\"}]}",
            "create_date": "2022-01-28T07:18:02Z",
            "description": "",
            "force_detach_policies": false,
            "id": "iam_for_lambda",
            "inline_policy": [
              {
                "name": "",
                "policy": ""
              }
            ],
            "managed_policy_arns": [
              "arn:aws:iam::aws:policy/AWSLambdaInvocation-DynamoDB"
            ],
            "max_session_duration": 3600,
            "name": "iam_for_lambda",
            "name_prefix": "",
            "path": "/",
            "permissions_boundary": null,
            "tags": {},
            "tags_all": {},
            "unique_id": "AROAYHEQ65DZOUN3VAMHF"
          },
          "sensitive_attributes": [],
          "private": "bnVsbA==",
          "dependencies": [
            "module.iam.data.aws_iam_policy_document.policy"
          ]
        }
      ]
    },
    {
      "module": "module.iam",
      "mode": "managed",
      "type": "aws_iam_role_policy_attachment",
      "name": "iam_for_lambda-role-policy-attachment",
      "provider": "provider[\"registry.terraform.io/hashicorp/aws\"]",
      "instances": [
        {
          "index_key": "arn:aws:iam::aws:policy/AWSLambdaInvocation-DynamoDB",
          "schema_version": 0,
          "attributes": {
            "id": "iam_for_lambda-20220128071807950900000001",
            "policy_arn": "arn:aws:iam::aws:policy/AWSLambdaInvocation-DynamoDB",
            "role": "iam_for_lambda"
          },
          "sensitive_attributes": [],
          "private": "bnVsbA==",
          "dependencies": [
            "module.iam.aws_iam_role.iam_for_lambda",
            "module.iam.data.aws_iam_policy_document.policy"
          ]
        },
        {
          "index_key": "arn:aws:iam::aws:policy/AmazonDynamoDBFullAccess",
          "schema_version": 0,
          "attributes": {
            "id": "iam_for_lambda-20220128072220345700000001",
            "policy_arn": "arn:aws:iam::aws:policy/AmazonDynamoDBFullAccess",
            "role": "iam_for_lambda"
          },
          "sensitive_attributes": [],
          "private": "bnVsbA==",
          "dependencies": [
            "module.iam.aws_iam_role.iam_for_lambda"
          ]
        }
      ]
    },
    {
      "module": "module.lambda",
      "mode": "data",
      "type": "archive_file",
      "name": "lambda_source_zip",
      "provider": "provider[\"registry.terraform.io/hashicorp/archive\"]",
      "instances": [
        {
          "schema_version": 0,
          "attributes": {
            "excludes": null,
            "id": "37aaf2b68fcd3e92e6d5062ca741047ffa1dec34",
            "output_base64sha256": "PqYidF8mnhUByI2fNL3U3MnyQyt/CAB/3aVjQNcJDoI=",
            "output_file_mode": null,
            "output_md5": "f41d4523edb06e12a2dd009db359fe2f",
            "output_path": "modules/lambda/../../.build/course.zip",
            "output_sha": "37aaf2b68fcd3e92e6d5062ca741047ffa1dec34",
            "output_size": 692,
            "source": [],
            "source_content": null,
            "source_content_filename": null,
            "source_dir": null,
            "source_file": "modules/lambda/../../../functions/course.js",
            "type": "zip"
          },
          "sensitive_attributes": []
        }
      ]
    },
    {
      "module": "module.lambda",
      "mode": "managed",
      "type": "aws_lambda_function",
      "name": "course_lambda",
      "provider": "provider[\"registry.terraform.io/hashicorp/aws\"]",
      "instances": [
        {
          "schema_version": 0,
          "attributes": {
            "architectures": [
              "x86_64"
            ],
            "arn": "arn:aws:lambda:ap-southeast-1:565092215026:function:course-terrafrom-demo",
            "code_signing_config_arn": "",
            "dead_letter_config": [],
            "description": "course_app AWS lambda",
            "environment": [],
            "file_system_config": [],
            "filename": "modules/lambda/../../.build/course.zip",
            "function_name": "course-terrafrom-demo",
            "handler": "course.handler",
            "id": "course-terrafrom-demo",
            "image_config": [],
            "image_uri": "",
            "invoke_arn": "arn:aws:apigateway:ap-southeast-1:lambda:path/2015-03-31/functions/arn:aws:lambda:ap-southeast-1:565092215026:function:course-terrafrom-demo/invocations",
            "kms_key_arn": "",
            "last_modified": "2022-01-28T07:18:22.366+0000",
            "layers": [],
            "memory_size": 128,
            "package_type": "Zip",
            "publish": false,
            "qualified_arn": "arn:aws:lambda:ap-southeast-1:565092215026:function:course-terrafrom-demo:$LATEST",
            "reserved_concurrent_executions": -1,
            "role": "arn:aws:iam::565092215026:role/iam_for_lambda",
            "runtime": "nodejs12.x",
            "s3_bucket": null,
            "s3_key": null,
            "s3_object_version": null,
            "signing_job_arn": "",
            "signing_profile_version_arn": "",
            "source_code_hash": "PqYidF8mnhUByI2fNL3U3MnyQyt/CAB/3aVjQNcJDoI=",
            "source_code_size": 692,
            "tags": {},
            "tags_all": {},
            "timeout": 3,
            "timeouts": null,
            "tracing_config": [
              {
                "mode": "PassThrough"
              }
            ],
            "version": "$LATEST",
            "vpc_config": []
          },
          "sensitive_attributes": [],
          "private": "eyJlMmJmYjczMC1lY2FhLTExZTYtOGY4OC0zNDM2M2JjN2M0YzAiOnsiY3JlYXRlIjo2MDAwMDAwMDAwMDB9fQ==",
          "dependencies": [
            "module.iam.aws_iam_role.iam_for_lambda",
            "module.iam.aws_iam_role_policy_attachment.iam_for_lambda-role-policy-attachment",
            "module.iam.data.aws_iam_policy_document.policy"
          ]
        }
      ]
    }
  ]
}
